{
  "pid": 74659,
  "startTime": 1770690495827,
  "userId": "59e2c286-3ef0-4e19-81d4-e22ff030ba1f",
  "urls": ["https://www.mvmmotosport.com/fr","https://www.morinsports.com/fr"],
  "referenceUrl": "https://www.mvmmotosport.com/fr",
  "logFile": "/Users/maverickmenard/Desktop/project/go_data/scraper_mav/scraper_logs/scraper_1770690495827.log"
}
