{
  "pid": 18803,
  "startTime": 1769735611411,
  "userId": "4ba57f68-4ab6-4989-9142-d0934f950a37",
  "urls": ["https://www.mvmmotosport.com/fr","https://www.morinsports.com/fr/"],
  "referenceUrl": "https://www.mvmmotosport.com/fr",
  "logFile": "/Users/maverickmenard/Desktop/project/go_data/scraper_mav/scraper_logs/scraper_1769735611411.log"
}
