{
  "pid": 39706,
  "startTime": 1771277171370,
  "userId": "59e2c286-3ef0-4e19-81d4-e22ff030ba1f",
  "urls": ["https://www.mvmmotosport.com/fr","https://www.morinsports.com/fr","https://www.motosthibault.ca/en"],
  "referenceUrl": "https://www.mvmmotosport.com/fr",
  "logFile": "/Users/maverickmenard/Desktop/project/go_data/scraper_mav/scraper_logs/scraper_1771277171370.log"
}
