{
  "pid": 55163,
  "startTime": 1770591806326,
  "userId": "59e2c286-3ef0-4e19-81d4-e22ff030ba1f",
  "urls": ["https://www.mvmmotosport.com/fr/","https://www.motosthibault.ca/fr/"],
  "referenceUrl": "https://www.mvmmotosport.com/fr/",
  "logFile": "/Users/maverickmenard/Desktop/project/go_data/scraper_mav/scraper_logs/scraper_1770591806326.log"
}
