{
  "pid": 38557,
  "startTime": 1769737184577,
  "userId": "4ba57f68-4ab6-4989-9142-d0934f950a37",
  "urls": ["https://www.morinsports.com/fr/"],
  "referenceUrl": "https://www.morinsports.com/fr/",
  "logFile": "/Users/maverickmenard/Desktop/project/go_data/scraper_mav/scraper_logs/scraper_1769737184577.log"
}
