{
  "pid": 84771,
  "startTime": 1769141307138,
  "userId": "4ba57f68-4ab6-4989-9142-d0934f950a37",
  "urls": ["https://www.mvmmotosport.com/fr/"],
  "referenceUrl": "https://www.mvmmotosport.com/fr/",
  "logFile": "/Users/maverickmenard/Desktop/project/go_data/scraper_mav/scraper_logs/scraper_1769141307138.log"
}
